
Microsoft Visual Studio Solution File, Format Version 12.00
# Visual Studio Version 17
VisualStudioVersion = 17.12.35527.113
MinimumVisualStudioVersion = 10.0.40219.1
Project("{2150E333-8FDC-42A3-9474-1A3956D46DE8}") = "src", "src", "{4368A5AB-AE3F-4562-8036-3C63C30D21AB}"
EndProject
Project("{2150E333-8FDC-42A3-9474-1A3956D46DE8}") = "Services", "Services", "{AD6AF696-E3B3-4DEC-892E-83D17F405CEB}"
EndProject
Project("{2150E333-8FDC-42A3-9474-1A3956D46DE8}") = "Catalog", "Catalog", "{6B87DEAB-0206-4F30-908C-922B702E1545}"
EndProject
Project("{FAE04EC0-301F-11D3-BF4B-00C04F79EFBC}") = "MultiShop.Catalog", "src\Services\Catalog\MultiShop.Catalog\MultiShop.Catalog.csproj", "{C3639D2E-D938-4304-B1F5-4759537D8B85}"
EndProject
Project("{2150E333-8FDC-42A3-9474-1A3956D46DE8}") = "Discount", "Discount", "{205F98C3-B083-498D-A4C3-DD06A04573AD}"
EndProject
Project("{FAE04EC0-301F-11D3-BF4B-00C04F79EFBC}") = "MultiShop.Discount", "src\Services\Discount\MultiShop.Discount\MultiShop.Discount.csproj", "{92610A9E-D5A7-4C09-93AB-D0F0C579B726}"
EndProject
Project("{2150E333-8FDC-42A3-9474-1A3956D46DE8}") = "Order", "Order", "{DE886FF7-28B1-4872-9C1C-F373DBC0E136}"
EndProject
Project("{2150E333-8FDC-42A3-9474-1A3956D46DE8}") = "Core", "Core", "{4375A2CC-27AD-48FD-903A-512BACA20202}"
EndProject
Project("{2150E333-8FDC-42A3-9474-1A3956D46DE8}") = "Infrastructure", "Infrastructure", "{F7C27C25-AAB6-4F95-A9C2-775BA52EFDA4}"
EndProject
Project("{2150E333-8FDC-42A3-9474-1A3956D46DE8}") = "Presentation", "Presentation", "{59E4A366-CD4E-4DF9-AAF2-E7F4C3F6AAE6}"
EndProject
Project("{FAE04EC0-301F-11D3-BF4B-00C04F79EFBC}") = "MultiShop.Order.Domain", "src\Services\Order\Core\MultiShop.Order.Domain\MultiShop.Order.Domain.csproj", "{93BDCD83-C5F4-48F7-8201-BAF0F641F15F}"
EndProject
Project("{FAE04EC0-301F-11D3-BF4B-00C04F79EFBC}") = "MultiShop.Order.Application", "src\Services\Order\Core\MultiShop.Order.Application\MultiShop.Order.Application.csproj", "{5C26D474-06A4-4FC3-86A5-2CEE16876900}"
EndProject
Project("{FAE04EC0-301F-11D3-BF4B-00C04F79EFBC}") = "MultiShop.Order.Persistence", "src\Services\Order\Infrastructure\MultiShop.Order.Persistence\MultiShop.Order.Persistence.csproj", "{7EDC4B40-2982-4D6C-B85F-FF62238A8CCC}"
EndProject
Project("{FAE04EC0-301F-11D3-BF4B-00C04F79EFBC}") = "MultiShop.Order.WebApi", "src\Services\Order\Presentation\MultiShop.Order.WebApi\MultiShop.Order.WebApi.csproj", "{3A32719A-9595-4C17-96B3-88CBD6C4A6DD}"
EndProject
Project("{2150E333-8FDC-42A3-9474-1A3956D46DE8}") = "IdentityServer", "IdentityServer", "{7983E696-22C2-44CF-AF2B-5A720A28E94A}"
EndProject
Project("{FAE04EC0-301F-11D3-BF4B-00C04F79EFBC}") = "MultiShop.IdentityServer", "src\IdentityServer\MultiShop.IdentityServer\MultiShop.IdentityServer.csproj", "{2D13D1AB-582C-48BE-A13B-0D368C98A00E}"
EndProject
Project("{2150E333-8FDC-42A3-9474-1A3956D46DE8}") = "Cargo", "Cargo", "{D4FED17B-B9C6-44A5-BB77-CC87953CA9EC}"
EndProject
Project("{FAE04EC0-301F-11D3-BF4B-00C04F79EFBC}") = "MultiShop.Cargo.BusinessLayer", "src\Services\Cargo\MultiShop.Cargo.BusinessLayer\MultiShop.Cargo.BusinessLayer.csproj", "{24C9E728-BE49-4FA6-AF39-1530AC8EEE63}"
EndProject
Project("{FAE04EC0-301F-11D3-BF4B-00C04F79EFBC}") = "MultiShop.Cargo.EntityLayer", "src\Services\Cargo\MultiShop.Cargo.EntityLayer\MultiShop.Cargo.EntityLayer.csproj", "{04F6A960-16B9-4C35-B19F-D0BF444E36EA}"
EndProject
Project("{FAE04EC0-301F-11D3-BF4B-00C04F79EFBC}") = "MultiShop.Cargo.DtoLayer", "src\Services\Cargo\MultiShop.Cargo.DtoLayer\MultiShop.Cargo.DtoLayer.csproj", "{46599101-1627-4F9F-8A1A-F918BDF7995F}"
EndProject
Project("{FAE04EC0-301F-11D3-BF4B-00C04F79EFBC}") = "MultiShop.Cargo.DataAccessLayer", "src\Services\Cargo\MultiShop.Cargo.DataAccessLayer\MultiShop.Cargo.DataAccessLayer.csproj", "{F7477C32-F89C-48ED-964C-DFA0DE01345F}"
EndProject
Project("{FAE04EC0-301F-11D3-BF4B-00C04F79EFBC}") = "MulitShop.Cargo.WebApi", "src\Services\Cargo\MulitShop.Cargo.WebApi\MulitShop.Cargo.WebApi.csproj", "{BD6A73F4-6FD7-4749-BEC2-735C1D449CEF}"
EndProject
Project("{2150E333-8FDC-42A3-9474-1A3956D46DE8}") = "Basket", "Basket", "{E29A703B-0D9F-4BDD-B887-3EE986D0A22A}"
EndProject
Project("{FAE04EC0-301F-11D3-BF4B-00C04F79EFBC}") = "MultiShop.Basket", "src\Services\Basket\MultiShop.Basket\MultiShop.Basket.csproj", "{A2E14F93-3076-4955-A17D-C45C238BC582}"
EndProject
Project("{2150E333-8FDC-42A3-9474-1A3956D46DE8}") = "Frontends", "Frontends", "{1FE74C6E-9306-482C-B948-D15238179402}"
EndProject
Project("{FAE04EC0-301F-11D3-BF4B-00C04F79EFBC}") = "MultiShop.WebUI", "src\Frontends\MultiShop.WebUI\MultiShop.WebUI.csproj", "{9695B6E3-DC52-4738-925D-3EBE62F569B8}"
EndProject
Project("{FAE04EC0-301F-11D3-BF4B-00C04F79EFBC}") = "MultiShop.DtoLayer", "src\Frontends\MultiShop.DtoLayer\MultiShop.DtoLayer.csproj", "{5FA4C67C-EB8B-46E4-AB58-BB23427BD633}"
EndProject
Global
	GlobalSection(SolutionConfigurationPlatforms) = preSolution
		Debug|Any CPU = Debug|Any CPU
		Release|Any CPU = Release|Any CPU
	EndGlobalSection
	GlobalSection(ProjectConfigurationPlatforms) = postSolution
		{C3639D2E-D938-4304-B1F5-4759537D8B85}.Debug|Any CPU.ActiveCfg = Debug|Any CPU
		{C3639D2E-D938-4304-B1F5-4759537D8B85}.Debug|Any CPU.Build.0 = Debug|Any CPU
		{C3639D2E-D938-4304-B1F5-4759537D8B85}.Release|Any CPU.ActiveCfg = Release|Any CPU
		{C3639D2E-D938-4304-B1F5-4759537D8B85}.Release|Any CPU.Build.0 = Release|Any CPU
		{92610A9E-D5A7-4C09-93AB-D0F0C579B726}.Debug|Any CPU.ActiveCfg = Debug|Any CPU
		{92610A9E-D5A7-4C09-93AB-D0F0C579B726}.Debug|Any CPU.Build.0 = Debug|Any CPU
		{92610A9E-D5A7-4C09-93AB-D0F0C579B726}.Release|Any CPU.ActiveCfg = Release|Any CPU
		{92610A9E-D5A7-4C09-93AB-D0F0C579B726}.Release|Any CPU.Build.0 = Release|Any CPU
		{93BDCD83-C5F4-48F7-8201-BAF0F641F15F}.Debug|Any CPU.ActiveCfg = Debug|Any CPU
		{93BDCD83-C5F4-48F7-8201-BAF0F641F15F}.Debug|Any CPU.Build.0 = Debug|Any CPU
		{93BDCD83-C5F4-48F7-8201-BAF0F641F15F}.Release|Any CPU.ActiveCfg = Release|Any CPU
		{93BDCD83-C5F4-48F7-8201-BAF0F641F15F}.Release|Any CPU.Build.0 = Release|Any CPU
		{5C26D474-06A4-4FC3-86A5-2CEE16876900}.Debug|Any CPU.ActiveCfg = Debug|Any CPU
		{5C26D474-06A4-4FC3-86A5-2CEE16876900}.Debug|Any CPU.Build.0 = Debug|Any CPU
		{5C26D474-06A4-4FC3-86A5-2CEE16876900}.Release|Any CPU.ActiveCfg = Release|Any CPU
		{5C26D474-06A4-4FC3-86A5-2CEE16876900}.Release|Any CPU.Build.0 = Release|Any CPU
		{7EDC4B40-2982-4D6C-B85F-FF62238A8CCC}.Debug|Any CPU.ActiveCfg = Debug|Any CPU
		{7EDC4B40-2982-4D6C-B85F-FF62238A8CCC}.Debug|Any CPU.Build.0 = Debug|Any CPU
		{7EDC4B40-2982-4D6C-B85F-FF62238A8CCC}.Release|Any CPU.ActiveCfg = Release|Any CPU
		{7EDC4B40-2982-4D6C-B85F-FF62238A8CCC}.Release|Any CPU.Build.0 = Release|Any CPU
		{3A32719A-9595-4C17-96B3-88CBD6C4A6DD}.Debug|Any CPU.ActiveCfg = Debug|Any CPU
		{3A32719A-9595-4C17-96B3-88CBD6C4A6DD}.Debug|Any CPU.Build.0 = Debug|Any CPU
		{3A32719A-9595-4C17-96B3-88CBD6C4A6DD}.Release|Any CPU.ActiveCfg = Release|Any CPU
		{3A32719A-9595-4C17-96B3-88CBD6C4A6DD}.Release|Any CPU.Build.0 = Release|Any CPU
		{2D13D1AB-582C-48BE-A13B-0D368C98A00E}.Debug|Any CPU.ActiveCfg = Debug|Any CPU
		{2D13D1AB-582C-48BE-A13B-0D368C98A00E}.Debug|Any CPU.Build.0 = Debug|Any CPU
		{2D13D1AB-582C-48BE-A13B-0D368C98A00E}.Release|Any CPU.ActiveCfg = Release|Any CPU
		{2D13D1AB-582C-48BE-A13B-0D368C98A00E}.Release|Any CPU.Build.0 = Release|Any CPU
		{24C9E728-BE49-4FA6-AF39-1530AC8EEE63}.Debug|Any CPU.ActiveCfg = Debug|Any CPU
		{24C9E728-BE49-4FA6-AF39-1530AC8EEE63}.Debug|Any CPU.Build.0 = Debug|Any CPU
		{24C9E728-BE49-4FA6-AF39-1530AC8EEE63}.Release|Any CPU.ActiveCfg = Release|Any CPU
		{24C9E728-BE49-4FA6-AF39-1530AC8EEE63}.Release|Any CPU.Build.0 = Release|Any CPU
		{04F6A960-16B9-4C35-B19F-D0BF444E36EA}.Debug|Any CPU.ActiveCfg = Debug|Any CPU
		{04F6A960-16B9-4C35-B19F-D0BF444E36EA}.Debug|Any CPU.Build.0 = Debug|Any CPU
		{04F6A960-16B9-4C35-B19F-D0BF444E36EA}.Release|Any CPU.ActiveCfg = Release|Any CPU
		{04F6A960-16B9-4C35-B19F-D0BF444E36EA}.Release|Any CPU.Build.0 = Release|Any CPU
		{46599101-1627-4F9F-8A1A-F918BDF7995F}.Debug|Any CPU.ActiveCfg = Debug|Any CPU
		{46599101-1627-4F9F-8A1A-F918BDF7995F}.Debug|Any CPU.Build.0 = Debug|Any CPU
		{46599101-1627-4F9F-8A1A-F918BDF7995F}.Release|Any CPU.ActiveCfg = Release|Any CPU
		{46599101-1627-4F9F-8A1A-F918BDF7995F}.Release|Any CPU.Build.0 = Release|Any CPU
		{F7477C32-F89C-48ED-964C-DFA0DE01345F}.Debug|Any CPU.ActiveCfg = Debug|Any CPU
		{F7477C32-F89C-48ED-964C-DFA0DE01345F}.Debug|Any CPU.Build.0 = Debug|Any CPU
		{F7477C32-F89C-48ED-964C-DFA0DE01345F}.Release|Any CPU.ActiveCfg = Release|Any CPU
		{F7477C32-F89C-48ED-964C-DFA0DE01345F}.Release|Any CPU.Build.0 = Release|Any CPU
		{BD6A73F4-6FD7-4749-BEC2-735C1D449CEF}.Debug|Any CPU.ActiveCfg = Debug|Any CPU
		{BD6A73F4-6FD7-4749-BEC2-735C1D449CEF}.Debug|Any CPU.Build.0 = Debug|Any CPU
		{BD6A73F4-6FD7-4749-BEC2-735C1D449CEF}.Release|Any CPU.ActiveCfg = Release|Any CPU
		{BD6A73F4-6FD7-4749-BEC2-735C1D449CEF}.Release|Any CPU.Build.0 = Release|Any CPU
		{A2E14F93-3076-4955-A17D-C45C238BC582}.Debug|Any CPU.ActiveCfg = Debug|Any CPU
		{A2E14F93-3076-4955-A17D-C45C238BC582}.Debug|Any CPU.Build.0 = Debug|Any CPU
		{A2E14F93-3076-4955-A17D-C45C238BC582}.Release|Any CPU.ActiveCfg = Release|Any CPU
		{A2E14F93-3076-4955-A17D-C45C238BC582}.Release|Any CPU.Build.0 = Release|Any CPU
		{9695B6E3-DC52-4738-925D-3EBE62F569B8}.Debug|Any CPU.ActiveCfg = Debug|Any CPU
		{9695B6E3-DC52-4738-925D-3EBE62F569B8}.Debug|Any CPU.Build.0 = Debug|Any CPU
		{9695B6E3-DC52-4738-925D-3EBE62F569B8}.Release|Any CPU.ActiveCfg = Release|Any CPU
		{9695B6E3-DC52-4738-925D-3EBE62F569B8}.Release|Any CPU.Build.0 = Release|Any CPU
		{5FA4C67C-EB8B-46E4-AB58-BB23427BD633}.Debug|Any CPU.ActiveCfg = Debug|Any CPU
		{5FA4C67C-EB8B-46E4-AB58-BB23427BD633}.Debug|Any CPU.Build.0 = Debug|Any CPU
		{5FA4C67C-EB8B-46E4-AB58-BB23427BD633}.Release|Any CPU.ActiveCfg = Release|Any CPU
		{5FA4C67C-EB8B-46E4-AB58-BB23427BD633}.Release|Any CPU.Build.0 = Release|Any CPU
	EndGlobalSection
	GlobalSection(SolutionProperties) = preSolution
		HideSolutionNode = FALSE
	EndGlobalSection
	GlobalSection(NestedProjects) = preSolution
		{AD6AF696-E3B3-4DEC-892E-83D17F405CEB} = {4368A5AB-AE3F-4562-8036-3C63C30D21AB}
		{6B87DEAB-0206-4F30-908C-922B702E1545} = {AD6AF696-E3B3-4DEC-892E-83D17F405CEB}
		{C3639D2E-D938-4304-B1F5-4759537D8B85} = {6B87DEAB-0206-4F30-908C-922B702E1545}
		{205F98C3-B083-498D-A4C3-DD06A04573AD} = {AD6AF696-E3B3-4DEC-892E-83D17F405CEB}
		{92610A9E-D5A7-4C09-93AB-D0F0C579B726} = {205F98C3-B083-498D-A4C3-DD06A04573AD}
		{DE886FF7-28B1-4872-9C1C-F373DBC0E136} = {AD6AF696-E3B3-4DEC-892E-83D17F405CEB}
		{4375A2CC-27AD-48FD-903A-512BACA20202} = {DE886FF7-28B1-4872-9C1C-F373DBC0E136}
		{F7C27C25-AAB6-4F95-A9C2-775BA52EFDA4} = {DE886FF7-28B1-4872-9C1C-F373DBC0E136}
		{59E4A366-CD4E-4DF9-AAF2-E7F4C3F6AAE6} = {DE886FF7-28B1-4872-9C1C-F373DBC0E136}
		{93BDCD83-C5F4-48F7-8201-BAF0F641F15F} = {4375A2CC-27AD-48FD-903A-512BACA20202}
		{5C26D474-06A4-4FC3-86A5-2CEE16876900} = {4375A2CC-27AD-48FD-903A-512BACA20202}
		{7EDC4B40-2982-4D6C-B85F-FF62238A8CCC} = {F7C27C25-AAB6-4F95-A9C2-775BA52EFDA4}
		{3A32719A-9595-4C17-96B3-88CBD6C4A6DD} = {59E4A366-CD4E-4DF9-AAF2-E7F4C3F6AAE6}
		{7983E696-22C2-44CF-AF2B-5A720A28E94A} = {4368A5AB-AE3F-4562-8036-3C63C30D21AB}
		{2D13D1AB-582C-48BE-A13B-0D368C98A00E} = {7983E696-22C2-44CF-AF2B-5A720A28E94A}
		{D4FED17B-B9C6-44A5-BB77-CC87953CA9EC} = {AD6AF696-E3B3-4DEC-892E-83D17F405CEB}
		{24C9E728-BE49-4FA6-AF39-1530AC8EEE63} = {D4FED17B-B9C6-44A5-BB77-CC87953CA9EC}
		{04F6A960-16B9-4C35-B19F-D0BF444E36EA} = {D4FED17B-B9C6-44A5-BB77-CC87953CA9EC}
		{46599101-1627-4F9F-8A1A-F918BDF7995F} = {D4FED17B-B9C6-44A5-BB77-CC87953CA9EC}
		{F7477C32-F89C-48ED-964C-DFA0DE01345F} = {D4FED17B-B9C6-44A5-BB77-CC87953CA9EC}
		{BD6A73F4-6FD7-4749-BEC2-735C1D449CEF} = {D4FED17B-B9C6-44A5-BB77-CC87953CA9EC}
		{E29A703B-0D9F-4BDD-B887-3EE986D0A22A} = {AD6AF696-E3B3-4DEC-892E-83D17F405CEB}
		{A2E14F93-3076-4955-A17D-C45C238BC582} = {E29A703B-0D9F-4BDD-B887-3EE986D0A22A}
		{1FE74C6E-9306-482C-B948-D15238179402} = {4368A5AB-AE3F-4562-8036-3C63C30D21AB}
		{9695B6E3-DC52-4738-925D-3EBE62F569B8} = {1FE74C6E-9306-482C-B948-D15238179402}
		{5FA4C67C-EB8B-46E4-AB58-BB23427BD633} = {1FE74C6E-9306-482C-B948-D15238179402}
	EndGlobalSection
	GlobalSection(ExtensibilityGlobals) = postSolution
		SolutionGuid = {B7AAF9CB-89BB-4D82-9CA6-F9C1A1402F19}
	EndGlobalSection
EndGlobal
